Microsoft Visual Studio Solution File, Format Version 12.00
# Visual Studio 2013
VisualStudioVersion = 12.0.40629.0
MinimumVisualStudioVersion = 10.0.40219.1
Project("{FAE04EC0-301F-11D3-BF4B-00C04F79EFBC}") = "BLL", "BLL\BLL.csproj", "{38D7AA58-C95B-449B-86C6-A8073A56E11F}"
EndProject
Project("{FAE04EC0-301F-11D3-BF4B-00C04F79EFBC}") = "Model", "Model\Model.csproj", "{53995DBB-9836-4647-AD22-865884FDEB9E}"
EndProject
Project("{FAE04EC0-301F-11D3-BF4B-00C04F79EFBC}") = "Web", "Web\Web.csproj", "{5B535162-10C2-4238-BC56-193B968E1834}"
	ProjectSection(ProjectDependencies) = postProject
		{0988C62E-247F-471F-A183-DB509C7A3839} = {0988C62E-247F-471F-A183-DB509C7A3839}
		{96401C5E-D166-4E4E-98C2-3ECA91B6C7EB} = {96401C5E-D166-4E4E-98C2-3ECA91B6C7EB}
		{B0706FA2-977C-4523-B093-F57804756498} = {B0706FA2-977C-4523-B093-F57804756498}
	EndProjectSection
EndProject
Project("{FAE04EC0-301F-11D3-BF4B-00C04F79EFBC}") = "DBUtility", "DBUtility\DBUtility.csproj", "{0988C62E-247F-471F-A183-DB509C7A3839}"
EndProject
Project("{FAE04EC0-301F-11D3-BF4B-00C04F79EFBC}") = "DALFactory", "DALFactory\DALFactory.csproj", "{96401C5E-D166-4E4E-98C2-3ECA91B6C7EB}"
EndProject
Project("{FAE04EC0-301F-11D3-BF4B-00C04F79EFBC}") = "IDAL", "IDAL\IDAL.csproj", "{B0706FA2-977C-4523-B093-F57804756498}"
EndProject
Project("{FAE04EC0-301F-11D3-BF4B-00C04F79EFBC}") = "OracleDAL", "OracleDAL\OracleDAL.csproj", "{9FE00521-3A8B-42B1-814E-585E99407B2E}"
EndProject
Project("{FAE04EC0-301F-11D3-BF4B-00C04F79EFBC}") = "SQLServerDAL", "SQLServerDAL\SQLServerDAL.csproj", "{AB835BA2-FFD6-49CD-87B0-E216255BB32E}"
EndProject
Project("{FAE04EC0-301F-11D3-BF4B-00C04F79EFBC}") = "WebServiceWSS", "WebServiceWSS\WebServiceWSS.csproj", "{EFFE9298-6BB9-4657-916E-0476AB32F748}"
EndProject
Project("{FAE04EC0-301F-11D3-BF4B-00C04F79EFBC}") = "WebZoneConfig", "WebZoneConfig\WebZoneConfig.csproj", "{295B8704-C5ED-4EE4-BBEB-EBE279313CB3}"
EndProject
Project("{FAE04EC0-301F-11D3-BF4B-00C04F79EFBC}") = "WebServiceZoneConfig", "WebServiceZoneConfig\WebServiceZoneConfig.csproj", "{C1BAC344-06AE-4A4F-A526-EF1F341AEBD7}"
EndProject
Project("{FAE04EC0-301F-11D3-BF4B-00C04F79EFBC}") = "WebWSS", "WebWSS\WebWSS.csproj", "{3D4DF6DA-8C92-4CA0-AF14-543D0A44C9B5}"
EndProject
Global
	GlobalSection(TeamFoundationVersionControl) = preSolution
		SccNumberOfProjects = 13
		SccEnterpriseProvider = {4CA58AB2-18FA-4F8D-95D4-32DDF27D184C}
		SccTeamFoundationServer = http://192.168.1.10:8080/tfs/xxcq
		SccLocalPath0 = .
		SccProjectUniqueName1 = BLL\\BLL.csproj
		SccProjectName1 = BLL
		SccLocalPath1 = BLL
		SccProjectUniqueName2 = Model\\Model.csproj
		SccProjectName2 = Model
		SccLocalPath2 = Model
		SccProjectUniqueName3 = Web\\Web.csproj
		SccProjectName3 = Web
		SccLocalPath3 = Web
		SccProjectUniqueName4 = DBUtility\\DBUtility.csproj
		SccProjectName4 = DBUtility
		SccLocalPath4 = DBUtility
		SccProjectUniqueName5 = DALFactory\\DALFactory.csproj
		SccProjectName5 = DALFactory
		SccLocalPath5 = DALFactory
		SccProjectUniqueName6 = IDAL\\IDAL.csproj
		SccProjectName6 = IDAL
		SccLocalPath6 = IDAL
		SccProjectUniqueName7 = OracleDAL\\OracleDAL.csproj
		SccProjectName7 = OracleDAL
		SccLocalPath7 = OracleDAL
		SccProjectUniqueName8 = SQLServerDAL\\SQLServerDAL.csproj
		SccProjectName8 = SQLServerDAL
		SccLocalPath8 = SQLServerDAL
		SccProjectUniqueName9 = WebServiceWSS\\WebServiceWSS.csproj
		SccProjectName9 = WebServiceWSS
		SccLocalPath9 = WebServiceWSS
		SccProjectUniqueName10 = WebZoneConfig\\WebZoneConfig.csproj
		SccProjectName10 = WebZoneConfig
		SccLocalPath10 = WebZoneConfig
		SccProjectUniqueName11 = WebServiceZoneConfig\\WebServiceZoneConfig.csproj
		SccProjectName11 = WebServiceZoneConfig
		SccLocalPath11 = WebServiceZoneConfig
		SccProjectUniqueName12 = WebWSS\\WebWSS.csproj
		SccProjectName12 = WebWSS
		SccLocalPath12 = WebWSS
	EndGlobalSection
	GlobalSection(SolutionConfigurationPlatforms) = preSolution
		Debug|.NET = Debug|.NET
		Debug|Any CPU = Debug|Any CPU
		Debug|Mixed Platforms = Debug|Mixed Platforms
		Debug|Win32 = Debug|Win32
		Release|.NET = Release|.NET
		Release|Any CPU = Release|Any CPU
		Release|Mixed Platforms = Release|Mixed Platforms
		Release|Win32 = Release|Win32
	EndGlobalSection
	GlobalSection(ProjectConfigurationPlatforms) = postSolution
		{38D7AA58-C95B-449B-86C6-A8073A56E11F}.Debug|.NET.ActiveCfg = Debug|Any CPU
		{38D7AA58-C95B-449B-86C6-A8073A56E11F}.Debug|Any CPU.ActiveCfg = Debug|Any CPU
		{38D7AA58-C95B-449B-86C6-A8073A56E11F}.Debug|Any CPU.Build.0 = Debug|Any CPU
		{38D7AA58-C95B-449B-86C6-A8073A56E11F}.Debug|Mixed Platforms.ActiveCfg = Debug|Any CPU
		{38D7AA58-C95B-449B-86C6-A8073A56E11F}.Debug|Mixed Platforms.Build.0 = Debug|Any CPU
		{38D7AA58-C95B-449B-86C6-A8073A56E11F}.Debug|Win32.ActiveCfg = Debug|Any CPU
		{38D7AA58-C95B-449B-86C6-A8073A56E11F}.Release|.NET.ActiveCfg = Release|Any CPU
		{38D7AA58-C95B-449B-86C6-A8073A56E11F}.Release|Any CPU.ActiveCfg = Release|Any CPU
		{38D7AA58-C95B-449B-86C6-A8073A56E11F}.Release|Any CPU.Build.0 = Release|Any CPU
		{38D7AA58-C95B-449B-86C6-A8073A56E11F}.Release|Mixed Platforms.ActiveCfg = Release|Any CPU
		{38D7AA58-C95B-449B-86C6-A8073A56E11F}.Release|Mixed Platforms.Build.0 = Release|Any CPU
		{38D7AA58-C95B-449B-86C6-A8073A56E11F}.Release|Win32.ActiveCfg = Release|Any CPU
		{53995DBB-9836-4647-AD22-865884FDEB9E}.Debug|.NET.ActiveCfg = Debug|Any CPU
		{53995DBB-9836-4647-AD22-865884FDEB9E}.Debug|Any CPU.ActiveCfg = Debug|Any CPU
		{53995DBB-9836-4647-AD22-865884FDEB9E}.Debug|Any CPU.Build.0 = Debug|Any CPU
		{53995DBB-9836-4647-AD22-865884FDEB9E}.Debug|Mixed Platforms.ActiveCfg = Debug|Any CPU
		{53995DBB-9836-4647-AD22-865884FDEB9E}.Debug|Mixed Platforms.Build.0 = Debug|Any CPU
		{53995DBB-9836-4647-AD22-865884FDEB9E}.Debug|Win32.ActiveCfg = Debug|Any CPU
		{53995DBB-9836-4647-AD22-865884FDEB9E}.Release|.NET.ActiveCfg = Release|Any CPU
		{53995DBB-9836-4647-AD22-865884FDEB9E}.Release|Any CPU.ActiveCfg = Release|Any CPU
		{53995DBB-9836-4647-AD22-865884FDEB9E}.Release|Any CPU.Build.0 = Release|Any CPU
		{53995DBB-9836-4647-AD22-865884FDEB9E}.Release|Mixed Platforms.ActiveCfg = Release|Any CPU
		{53995DBB-9836-4647-AD22-865884FDEB9E}.Release|Mixed Platforms.Build.0 = Release|Any CPU
		{53995DBB-9836-4647-AD22-865884FDEB9E}.Release|Win32.ActiveCfg = Release|Any CPU
		{5B535162-10C2-4238-BC56-193B968E1834}.Debug|.NET.ActiveCfg = Debug|Any CPU
		{5B535162-10C2-4238-BC56-193B968E1834}.Debug|Any CPU.ActiveCfg = Debug|Any CPU
		{5B535162-10C2-4238-BC56-193B968E1834}.Debug|Any CPU.Build.0 = Debug|Any CPU
		{5B535162-10C2-4238-BC56-193B968E1834}.Debug|Mixed Platforms.ActiveCfg = Debug|Any CPU
		{5B535162-10C2-4238-BC56-193B968E1834}.Debug|Mixed Platforms.Build.0 = Debug|Any CPU
		{5B535162-10C2-4238-BC56-193B968E1834}.Debug|Win32.ActiveCfg = Debug|Any CPU
		{5B535162-10C2-4238-BC56-193B968E1834}.Release|.NET.ActiveCfg = Release|Any CPU
		{5B535162-10C2-4238-BC56-193B968E1834}.Release|Any CPU.ActiveCfg = Release|Any CPU
		{5B535162-10C2-4238-BC56-193B968E1834}.Release|Any CPU.Build.0 = Release|Any CPU
		{5B535162-10C2-4238-BC56-193B968E1834}.Release|Mixed Platforms.ActiveCfg = Release|Any CPU
		{5B535162-10C2-4238-BC56-193B968E1834}.Release|Mixed Platforms.Build.0 = Release|Any CPU
		{5B535162-10C2-4238-BC56-193B968E1834}.Release|Win32.ActiveCfg = Release|Any CPU
		{0988C62E-247F-471F-A183-DB509C7A3839}.Debug|.NET.ActiveCfg = Debug|Any CPU
		{0988C62E-247F-471F-A183-DB509C7A3839}.Debug|Any CPU.ActiveCfg = Debug|Any CPU
		{0988C62E-247F-471F-A183-DB509C7A3839}.Debug|Any CPU.Build.0 = Debug|Any CPU
		{0988C62E-247F-471F-A183-DB509C7A3839}.Debug|Mixed Platforms.ActiveCfg = Debug|Any CPU
		{0988C62E-247F-471F-A183-DB509C7A3839}.Debug|Mixed Platforms.Build.0 = Debug|Any CPU
		{0988C62E-247F-471F-A183-DB509C7A3839}.Debug|Win32.ActiveCfg = Debug|Any CPU
		{0988C62E-247F-471F-A183-DB509C7A3839}.Release|.NET.ActiveCfg = Release|Any CPU
		{0988C62E-247F-471F-A183-DB509C7A3839}.Release|Any CPU.ActiveCfg = Release|Any CPU
		{0988C62E-247F-471F-A183-DB509C7A3839}.Release|Any CPU.Build.0 = Release|Any CPU
		{0988C62E-247F-471F-A183-DB509C7A3839}.Release|Mixed Platforms.ActiveCfg = Release|Any CPU
		{0988C62E-247F-471F-A183-DB509C7A3839}.Release|Mixed Platforms.Build.0 = Release|Any CPU
		{0988C62E-247F-471F-A183-DB509C7A3839}.Release|Win32.ActiveCfg = Release|Any CPU
		{96401C5E-D166-4E4E-98C2-3ECA91B6C7EB}.Debug|.NET.ActiveCfg = Debug|Any CPU
		{96401C5E-D166-4E4E-98C2-3ECA91B6C7EB}.Debug|Any CPU.ActiveCfg = Debug|Any CPU
		{96401C5E-D166-4E4E-98C2-3ECA91B6C7EB}.Debug|Any CPU.Build.0 = Debug|Any CPU
		{96401C5E-D166-4E4E-98C2-3ECA91B6C7EB}.Debug|Mixed Platforms.ActiveCfg = Debug|Any CPU
		{96401C5E-D166-4E4E-98C2-3ECA91B6C7EB}.Debug|Mixed Platforms.Build.0 = Debug|Any CPU
		{96401C5E-D166-4E4E-98C2-3ECA91B6C7EB}.Debug|Win32.ActiveCfg = Debug|Any CPU
		{96401C5E-D166-4E4E-98C2-3ECA91B6C7EB}.Release|.NET.ActiveCfg = Release|Any CPU
		{96401C5E-D166-4E4E-98C2-3ECA91B6C7EB}.Release|Any CPU.ActiveCfg = Release|Any CPU
		{96401C5E-D166-4E4E-98C2-3ECA91B6C7EB}.Release|Any CPU.Build.0 = Release|Any CPU
		{96401C5E-D166-4E4E-98C2-3ECA91B6C7EB}.Release|Mixed Platforms.ActiveCfg = Release|Any CPU
		{96401C5E-D166-4E4E-98C2-3ECA91B6C7EB}.Release|Mixed Platforms.Build.0 = Release|Any CPU
		{96401C5E-D166-4E4E-98C2-3ECA91B6C7EB}.Release|Win32.ActiveCfg = Release|Any CPU
		{B0706FA2-977C-4523-B093-F57804756498}.Debug|.NET.ActiveCfg = Debug|Any CPU
		{B0706FA2-977C-4523-B093-F57804756498}.Debug|Any CPU.ActiveCfg = Debug|Any CPU
		{B0706FA2-977C-4523-B093-F57804756498}.Debug|Any CPU.Build.0 = Debug|Any CPU
		{B0706FA2-977C-4523-B093-F57804756498}.Debug|Mixed Platforms.ActiveCfg = Debug|Any CPU
		{B0706FA2-977C-4523-B093-F57804756498}.Debug|Mixed Platforms.Build.0 = Debug|Any CPU
		{B0706FA2-977C-4523-B093-F57804756498}.Debug|Win32.ActiveCfg = Debug|Any CPU
		{B0706FA2-977C-4523-B093-F57804756498}.Release|.NET.ActiveCfg = Release|Any CPU
		{B0706FA2-977C-4523-B093-F57804756498}.Release|Any CPU.ActiveCfg = Release|Any CPU
		{B0706FA2-977C-4523-B093-F57804756498}.Release|Any CPU.Build.0 = Release|Any CPU
		{B0706FA2-977C-4523-B093-F57804756498}.Release|Mixed Platforms.ActiveCfg = Release|Any CPU
		{B0706FA2-977C-4523-B093-F57804756498}.Release|Mixed Platforms.Build.0 = Release|Any CPU
		{B0706FA2-977C-4523-B093-F57804756498}.Release|Win32.ActiveCfg = Release|Any CPU
		{9FE00521-3A8B-42B1-814E-585E99407B2E}.Debug|.NET.ActiveCfg = Debug|Any CPU
		{9FE00521-3A8B-42B1-814E-585E99407B2E}.Debug|Any CPU.ActiveCfg = Debug|Any CPU
		{9FE00521-3A8B-42B1-814E-585E99407B2E}.Debug|Any CPU.Build.0 = Debug|Any CPU
		{9FE00521-3A8B-42B1-814E-585E99407B2E}.Debug|Mixed Platforms.ActiveCfg = Debug|Any CPU
		{9FE00521-3A8B-42B1-814E-585E99407B2E}.Debug|Mixed Platforms.Build.0 = Debug|Any CPU
		{9FE00521-3A8B-42B1-814E-585E99407B2E}.Debug|Win32.ActiveCfg = Debug|Any CPU
		{9FE00521-3A8B-42B1-814E-585E99407B2E}.Release|.NET.ActiveCfg = Release|Any CPU
		{9FE00521-3A8B-42B1-814E-585E99407B2E}.Release|Any CPU.ActiveCfg = Release|Any CPU
		{9FE00521-3A8B-42B1-814E-585E99407B2E}.Release|Any CPU.Build.0 = Release|Any CPU
		{9FE00521-3A8B-42B1-814E-585E99407B2E}.Release|Mixed Platforms.ActiveCfg = Release|Any CPU
		{9FE00521-3A8B-42B1-814E-585E99407B2E}.Release|Mixed Platforms.Build.0 = Release|Any CPU
		{9FE00521-3A8B-42B1-814E-585E99407B2E}.Release|Win32.ActiveCfg = Release|Any CPU
		{AB835BA2-FFD6-49CD-87B0-E216255BB32E}.Debug|.NET.ActiveCfg = Debug|Any CPU
		{AB835BA2-FFD6-49CD-87B0-E216255BB32E}.Debug|Any CPU.ActiveCfg = Debug|Any CPU
		{AB835BA2-FFD6-49CD-87B0-E216255BB32E}.Debug|Any CPU.Build.0 = Debug|Any CPU
		{AB835BA2-FFD6-49CD-87B0-E216255BB32E}.Debug|Mixed Platforms.ActiveCfg = Debug|Any CPU
		{AB835BA2-FFD6-49CD-87B0-E216255BB32E}.Debug|Mixed Platforms.Build.0 = Debug|Any CPU
		{AB835BA2-FFD6-49CD-87B0-E216255BB32E}.Debug|Win32.ActiveCfg = Debug|Any CPU
		{AB835BA2-FFD6-49CD-87B0-E216255BB32E}.Release|.NET.ActiveCfg = Release|Any CPU
		{AB835BA2-FFD6-49CD-87B0-E216255BB32E}.Release|Any CPU.ActiveCfg = Release|Any CPU
		{AB835BA2-FFD6-49CD-87B0-E216255BB32E}.Release|Any CPU.Build.0 = Release|Any CPU
		{AB835BA2-FFD6-49CD-87B0-E216255BB32E}.Release|Mixed Platforms.ActiveCfg = Release|Any CPU
		{AB835BA2-FFD6-49CD-87B0-E216255BB32E}.Release|Mixed Platforms.Build.0 = Release|Any CPU
		{AB835BA2-FFD6-49CD-87B0-E216255BB32E}.Release|Win32.ActiveCfg = Release|Any CPU
		{EFFE9298-6BB9-4657-916E-0476AB32F748}.Debug|.NET.ActiveCfg = Debug|Any CPU
		{EFFE9298-6BB9-4657-916E-0476AB32F748}.Debug|Any CPU.ActiveCfg = Debug|Any CPU
		{EFFE9298-6BB9-4657-916E-0476AB32F748}.Debug|Any CPU.Build.0 = Debug|Any CPU
		{EFFE9298-6BB9-4657-916E-0476AB32F748}.Debug|Mixed Platforms.ActiveCfg = Debug|Any CPU
		{EFFE9298-6BB9-4657-916E-0476AB32F748}.Debug|Mixed Platforms.Build.0 = Debug|Any CPU
		{EFFE9298-6BB9-4657-916E-0476AB32F748}.Debug|Win32.ActiveCfg = Debug|Any CPU
		{EFFE9298-6BB9-4657-916E-0476AB32F748}.Release|.NET.ActiveCfg = Release|Any CPU
		{EFFE9298-6BB9-4657-916E-0476AB32F748}.Release|Any CPU.ActiveCfg = Release|Any CPU
		{EFFE9298-6BB9-4657-916E-0476AB32F748}.Release|Any CPU.Build.0 = Release|Any CPU
		{EFFE9298-6BB9-4657-916E-0476AB32F748}.Release|Mixed Platforms.ActiveCfg = Release|Any CPU
		{EFFE9298-6BB9-4657-916E-0476AB32F748}.Release|Mixed Platforms.Build.0 = Release|Any CPU
		{EFFE9298-6BB9-4657-916E-0476AB32F748}.Release|Win32.ActiveCfg = Release|Any CPU
		{295B8704-C5ED-4EE4-BBEB-EBE279313CB3}.Debug|.NET.ActiveCfg = Debug|Any CPU
		{295B8704-C5ED-4EE4-BBEB-EBE279313CB3}.Debug|Any CPU.ActiveCfg = Debug|Any CPU
		{295B8704-C5ED-4EE4-BBEB-EBE279313CB3}.Debug|Any CPU.Build.0 = Debug|Any CPU
		{295B8704-C5ED-4EE4-BBEB-EBE279313CB3}.Debug|Mixed Platforms.ActiveCfg = Debug|Any CPU
		{295B8704-C5ED-4EE4-BBEB-EBE279313CB3}.Debug|Mixed Platforms.Build.0 = Debug|Any CPU
		{295B8704-C5ED-4EE4-BBEB-EBE279313CB3}.Debug|Win32.ActiveCfg = Debug|Any CPU
		{295B8704-C5ED-4EE4-BBEB-EBE279313CB3}.Release|.NET.ActiveCfg = Release|Any CPU
		{295B8704-C5ED-4EE4-BBEB-EBE279313CB3}.Release|Any CPU.ActiveCfg = Release|Any CPU
		{295B8704-C5ED-4EE4-BBEB-EBE279313CB3}.Release|Any CPU.Build.0 = Release|Any CPU
		{295B8704-C5ED-4EE4-BBEB-EBE279313CB3}.Release|Mixed Platforms.ActiveCfg = Release|Any CPU
		{295B8704-C5ED-4EE4-BBEB-EBE279313CB3}.Release|Mixed Platforms.Build.0 = Release|Any CPU
		{295B8704-C5ED-4EE4-BBEB-EBE279313CB3}.Release|Win32.ActiveCfg = Release|Any CPU
		{C1BAC344-06AE-4A4F-A526-EF1F341AEBD7}.Debug|.NET.ActiveCfg = Debug|Any CPU
		{C1BAC344-06AE-4A4F-A526-EF1F341AEBD7}.Debug|Any CPU.ActiveCfg = Debug|Any CPU
		{C1BAC344-06AE-4A4F-A526-EF1F341AEBD7}.Debug|Any CPU.Build.0 = Debug|Any CPU
		{C1BAC344-06AE-4A4F-A526-EF1F341AEBD7}.Debug|Mixed Platforms.ActiveCfg = Debug|Any CPU
		{C1BAC344-06AE-4A4F-A526-EF1F341AEBD7}.Debug|Mixed Platforms.Build.0 = Debug|Any CPU
		{C1BAC344-06AE-4A4F-A526-EF1F341AEBD7}.Debug|Win32.ActiveCfg = Debug|Any CPU
		{C1BAC344-06AE-4A4F-A526-EF1F341AEBD7}.Release|.NET.ActiveCfg = Release|Any CPU
		{C1BAC344-06AE-4A4F-A526-EF1F341AEBD7}.Release|Any CPU.ActiveCfg = Release|Any CPU
		{C1BAC344-06AE-4A4F-A526-EF1F341AEBD7}.Release|Any CPU.Build.0 = Release|Any CPU
		{C1BAC344-06AE-4A4F-A526-EF1F341AEBD7}.Release|Mixed Platforms.ActiveCfg = Release|Any CPU
		{C1BAC344-06AE-4A4F-A526-EF1F341AEBD7}.Release|Mixed Platforms.Build.0 = Release|Any CPU
		{C1BAC344-06AE-4A4F-A526-EF1F341AEBD7}.Release|Win32.ActiveCfg = Release|Any CPU
		{3D4DF6DA-8C92-4CA0-AF14-543D0A44C9B5}.Debug|.NET.ActiveCfg = Debug|Any CPU
		{3D4DF6DA-8C92-4CA0-AF14-543D0A44C9B5}.Debug|Any CPU.ActiveCfg = Debug|Any CPU
		{3D4DF6DA-8C92-4CA0-AF14-543D0A44C9B5}.Debug|Any CPU.Build.0 = Debug|Any CPU
		{3D4DF6DA-8C92-4CA0-AF14-543D0A44C9B5}.Debug|Mixed Platforms.ActiveCfg = Debug|Any CPU
		{3D4DF6DA-8C92-4CA0-AF14-543D0A44C9B5}.Debug|Mixed Platforms.Build.0 = Debug|Any CPU
		{3D4DF6DA-8C92-4CA0-AF14-543D0A44C9B5}.Debug|Win32.ActiveCfg = Debug|Any CPU
		{3D4DF6DA-8C92-4CA0-AF14-543D0A44C9B5}.Release|.NET.ActiveCfg = Release|Any CPU
		{3D4DF6DA-8C92-4CA0-AF14-543D0A44C9B5}.Release|Any CPU.ActiveCfg = Release|Any CPU
		{3D4DF6DA-8C92-4CA0-AF14-543D0A44C9B5}.Release|Any CPU.Build.0 = Release|Any CPU
		{3D4DF6DA-8C92-4CA0-AF14-543D0A44C9B5}.Release|Mixed Platforms.ActiveCfg = Release|Any CPU
		{3D4DF6DA-8C92-4CA0-AF14-543D0A44C9B5}.Release|Mixed Platforms.Build.0 = Release|Any CPU
		{3D4DF6DA-8C92-4CA0-AF14-543D0A44C9B5}.Release|Win32.ActiveCfg = Release|Any CPU
	EndGlobalSection
	GlobalSection(SolutionProperties) = preSolution
		HideSolutionNode = FALSE
	EndGlobalSection
EndGlobal
